// !$*UTF8*$!
{
	archiveVersion = 1;
	classes = {
	};
	objectVersion = 50;
	objects = {

/* Begin PBXBuildFile section */
		E8073DEF22F7DFDC0007C7E0 /* AppDelegate.swift in Sources */ = {isa = PBXBuildFile; fileRef = E8073DEE22F7DFDC0007C7E0 /* AppDelegate.swift */; };
		E8073DF622F7DFDD0007C7E0 /* Assets.xcassets in Resources */ = {isa = PBXBuildFile; fileRef = E8073DF522F7DFDD0007C7E0 /* Assets.xcassets */; };
		E8073DF922F7DFDD0007C7E0 /* LaunchScreen.storyboard in Resources */ = {isa = PBXBuildFile; fileRef = E8073DF722F7DFDD0007C7E0 /* LaunchScreen.storyboard */; };
		E8073E0122F7E0340007C7E0 /* HomeVC.swift in Sources */ = {isa = PBXBuildFile; fileRef = E8073E0022F7E0340007C7E0 /* HomeVC.swift */; };
		E8073E0522F7E32B0007C7E0 /* TodayCell.swift in Sources */ = {isa = PBXBuildFile; fileRef = E8073E0422F7E32B0007C7E0 /* TodayCell.swift */; };
		E8073E0822F7E4BD0007C7E0 /* UIView+Layout.swift in Sources */ = {isa = PBXBuildFile; fileRef = E8073E0722F7E4BD0007C7E0 /* UIView+Layout.swift */; };
		E8073E0A22F7E6420007C7E0 /* AppFullScreenVC.swift in Sources */ = {isa = PBXBuildFile; fileRef = E8073E0922F7E6420007C7E0 /* AppFullScreenVC.swift */; };
		E8073E0C22F80A670007C7E0 /* AppFullScreenHeaderCell.swift in Sources */ = {isa = PBXBuildFile; fileRef = E8073E0B22F80A670007C7E0 /* AppFullScreenHeaderCell.swift */; };
		E8073E0E22F80C6B0007C7E0 /* AppFullScreenDescriptionCell.swift in Sources */ = {isa = PBXBuildFile; fileRef = E8073E0D22F80C6B0007C7E0 /* AppFullScreenDescriptionCell.swift */; };
		E8073E1022F816050007C7E0 /* Extension.swift in Sources */ = {isa = PBXBuildFile; fileRef = E8073E0F22F816050007C7E0 /* Extension.swift */; };
		E8073E1222F816420007C7E0 /* Constant.swift in Sources */ = {isa = PBXBuildFile; fileRef = E8073E1122F816420007C7E0 /* Constant.swift */; };
/* End PBXBuildFile section */

/* Begin PBXFileReference section */
		E8073DEB22F7DFDC0007C7E0 /* AppStoreLikeAnimation.app */ = {isa = PBXFileReference; explicitFileType = wrapper.application; includeInIndex = 0; path = AppStoreLikeAnimation.app; sourceTree = BUILT_PRODUCTS_DIR; };
		E8073DEE22F7DFDC0007C7E0 /* AppDelegate.swift */ = {isa = PBXFileReference; lastKnownFileType = sourcecode.swift; path = AppDelegate.swift; sourceTree = "<group>"; };
		E8073DF522F7DFDD0007C7E0 /* Assets.xcassets */ = {isa = PBXFileReference; lastKnownFileType = folder.assetcatalog; path = Assets.xcassets; sourceTree = "<group>"; };
		E8073DF822F7DFDD0007C7E0 /* Base */ = {isa = PBXFileReference; lastKnownFileType = file.storyboard; name = Base; path = Base.lproj/LaunchScreen.storyboard; sourceTree = "<group>"; };
		E8073DFA22F7DFDD0007C7E0 /* Info.plist */ = {isa = PBXFileReference; lastKnownFileType = text.plist.xml; path = Info.plist; sourceTree = "<group>"; };
		E8073E0022F7E0340007C7E0 /* HomeVC.swift */ = {isa = PBXFileReference; lastKnownFileType = sourcecode.swift; path = HomeVC.swift; sourceTree = "<group>"; };
		E8073E0422F7E32B0007C7E0 /* TodayCell.swift */ = {isa = PBXFileReference; lastKnownFileType = sourcecode.swift; path = TodayCell.swift; sourceTree = "<group>"; };
		E8073E0722F7E4BD0007C7E0 /* UIView+Layout.swift */ = {isa = PBXFileReference; fileEncoding = 4; lastKnownFileType = sourcecode.swift; path = "UIView+Layout.swift"; sourceTree = "<group>"; };
		E8073E0922F7E6420007C7E0 /* AppFullScreenVC.swift */ = {isa = PBXFileReference; lastKnownFileType = sourcecode.swift; path = AppFullScreenVC.swift; sourceTree = "<group>"; };
		E8073E0B22F80A670007C7E0 /* AppFullScreenHeaderCell.swift */ = {isa = PBXFileReference; lastKnownFileType = sourcecode.swift; path = AppFullScreenHeaderCell.swift; sourceTree = "<group>"; };
		E8073E0D22F80C6B0007C7E0 /* AppFullScreenDescriptionCell.swift */ = {isa = PBXFileReference; lastKnownFileType = sourcecode.swift; path = AppFullScreenDescriptionCell.swift; sourceTree = "<group>"; };
		E8073E0F22F816050007C7E0 /* Extension.swift */ = {isa = PBXFileReference; lastKnownFileType = sourcecode.swift; path = Extension.swift; sourceTree = "<group>"; };
		E8073E1122F816420007C7E0 /* Constant.swift */ = {isa = PBXFileReference; lastKnownFileType = sourcecode.swift; path = Constant.swift; sourceTree = "<group>"; };
/* End PBXFileReference section */

/* Begin PBXFrameworksBuildPhase section */
		E8073DE822F7DFDC0007C7E0 /* Frameworks */ = {
			isa = PBXFrameworksBuildPhase;
			buildActionMask = 2147483647;
			files = (
			);
			runOnlyForDeploymentPostprocessing = 0;
		};
/* End PBXFrameworksBuildPhase section */

/* Begin PBXGroup section */
		E8073DE222F7DFDC0007C7E0 = {
			isa = PBXGroup;
			children = (
				E8073DED22F7DFDC0007C7E0 /* AppStoreLikeAnimation */,
				E8073DEC22F7DFDC0007C7E0 /* Products */,
			);
			sourceTree = "<group>";
		};
		E8073DEC22F7DFDC0007C7E0 /* Products */ = {
			isa = PBXGroup;
			children = (
				E8073DEB22F7DFDC0007C7E0 /* AppStoreLikeAnimation.app */,
			);
			name = Products;
			sourceTree = "<group>";
		};
		E8073DED22F7DFDC0007C7E0 /* AppStoreLikeAnimation */ = {
			isa = PBXGroup;
			children = (
				E8073DEE22F7DFDC0007C7E0 /* AppDelegate.swift */,
				E8073DFA22F7DFDD0007C7E0 /* Info.plist */,
				E8073DF722F7DFDD0007C7E0 /* LaunchScreen.storyboard */,
				E8073DF522F7DFDD0007C7E0 /* Assets.xcassets */,
				E8073E0622F7E49A0007C7E0 /* Helpers */,
				E8073E0322F7E3120007C7E0 /* Views */,
				E8073E0222F7E0390007C7E0 /* Controllers */,
			);
			path = AppStoreLikeAnimation;
			sourceTree = "<group>";
		};
		E8073E0222F7E0390007C7E0 /* Controllers */ = {
			isa = PBXGroup;
			children = (
				E8073E0022F7E0340007C7E0 /* HomeVC.swift */,
				E8073E0922F7E6420007C7E0 /* AppFullScreenVC.swift */,
			);
			path = Controllers;
			sourceTree = "<group>";
		};
		E8073E0322F7E3120007C7E0 /* Views */ = {
			isa = PBXGroup;
			children = (
				E8073E0422F7E32B0007C7E0 /* TodayCell.swift */,
				E8073E0B22F80A670007C7E0 /* AppFullScreenHeaderCell.swift */,
				E8073E0D22F80C6B0007C7E0 /* AppFullScreenDescriptionCell.swift */,
			);
			path = Views;
			sourceTree = "<group>";
		};
		E8073E0622F7E49A0007C7E0 /* Helpers */ = {
			isa = PBXGroup;
			children = (
				E8073E0722F7E4BD0007C7E0 /* UIView+Layout.swift */,
				E8073E0F22F816050007C7E0 /* Extension.swift */,
				E8073E1122F816420007C7E0 /* Constant.swift */,
			);
			path = Helpers;
			sourceTree = "<group>";
		};
/* End PBXGroup section */

/* Begin PBXNativeTarget section */
		E8073DEA22F7DFDC0007C7E0 /* AppStoreLikeAnimation */ = {
			isa = PBXNativeTarget;
			buildConfigurationList = E8073DFD22F7DFDD0007C7E0 /* Build configuration list for PBXNativeTarget "AppStoreLikeAnimation" */;
			buildPhases = (
				E8073DE722F7DFDC0007C7E0 /* Sources */,
				E8073DE822F7DFDC0007C7E0 /* Frameworks */,
				E8073DE922F7DFDC0007C7E0 /* Resources */,
			);
			buildRules = (
			);
			dependencies = (
			);
			name = AppStoreLikeAnimation;
			productName = AppStoreLikeAnimation;
			productReference = E8073DEB22F7DFDC0007C7E0 /* AppStoreLikeAnimation.app */;
			productType = "com.apple.product-type.application";
		};
/* End PBXNativeTarget section */

/* Begin PBXProject section */
		E8073DE322F7DFDC0007C7E0 /* Project object */ = {
			isa = PBXProject;
			attributes = {
				LastSwiftUpdateCheck = 1030;
				LastUpgradeCheck = 1030;
				ORGANIZATIONNAME = Vaifat;
				TargetAttributes = {
					E8073DEA22F7DFDC0007C7E0 = {
						CreatedOnToolsVersion = 10.3;
					};
				};
			};
			buildConfigurationList = E8073DE622F7DFDC0007C7E0 /* Build configuration list for PBXProject "AppStoreLikeAnimation" */;
			compatibilityVersion = "Xcode 9.3";
			developmentRegion = en;
			hasScannedForEncodings = 0;
			knownRegions = (
				en,
				Base,
			);
			mainGroup = E8073DE222F7DFDC0007C7E0;
			productRefGroup = E8073DEC22F7DFDC0007C7E0 /* Products */;
			projectDirPath = "";
			projectRoot = "";
			targets = (
				E8073DEA22F7DFDC0007C7E0 /* AppStoreLikeAnimation */,
			);
		};
/* End PBXProject section */

/* Begin PBXResourcesBuildPhase section */
		E8073DE922F7DFDC0007C7E0 /* Resources */ = {
			isa = PBXResourcesBuildPhase;
			buildActionMask = 2147483647;
			files = (
				E8073DF922F7DFDD0007C7E0 /* LaunchScreen.storyboard in Resources */,
				E8073DF622F7DFDD0007C7E0 /* Assets.xcassets in Resources */,
			);
			runOnlyForDeploymentPostprocessing = 0;
		};
/* End PBXResourcesBuildPhase section */

/* Begin PBXSourcesBuildPhase section */
		E8073DE722F7DFDC0007C7E0 /* Sources */ = {
			isa = PBXSourcesBuildPhase;
			buildActionMask = 2147483647;
			files = (
				E8073E0822F7E4BD0007C7E0 /* UIView+Layout.swift in Sources */,
				E8073E0C22F80A670007C7E0 /* AppFullScreenHeaderCell.swift in Sources */,
				E8073E1222F816420007C7E0 /* Constant.swift in Sources */,
				E8073DEF22F7DFDC0007C7E0 /* AppDelegate.swift in Sources */,
				E8073E0A22F7E6420007C7E0 /* AppFullScreenVC.swift in Sources */,
				E8073E0E22F80C6B0007C7E0 /* AppFullScreenDescriptionCell.swift in Sources */,
				E8073E0122F7E0340007C7E0 /* HomeVC.swift in Sources */,
				E8073E0522F7E32B0007C7E0 /* TodayCell.swift in Sources */,
				E8073E1022F816050007C7E0 /* Extension.swift in Sources */,
			);
			runOnlyForDeploymentPostprocessing = 0;
		};
/* End PBXSourcesBuildPhase section */

/* Begin PBXVariantGroup section */
		E8073DF722F7DFDD0007C7E0 /* LaunchScreen.storyboard */ = {
			isa = PBXVariantGroup;
			children = (
				E8073DF822F7DFDD0007C7E0 /* Base */,
			);
			name = LaunchScreen.storyboard;
			sourceTree = "<group>";
		};
/* End PBXVariantGroup section */

/* Begin XCBuildConfiguration section */
		E8073DFB22F7DFDD0007C7E0 /* Debug */ = {
			isa = XCBuildConfiguration;
			buildSettings = {
				ALWAYS_SEARCH_USER_PATHS = NO;
				CLANG_ANALYZER_NONNULL = YES;
				CLANG_ANALYZER_NUMBER_OBJECT_CONVERSION = YES_AGGRESSIVE;
				CLANG_CXX_LANGUAGE_STANDARD = "gnu++14";
				CLANG_CXX_LIBRARY = "libc++";
				CLANG_ENABLE_MODULES = YES;
				CLANG_ENABLE_OBJC_ARC = YES;
				CLANG_ENABLE_OBJC_WEAK = YES;
				CLANG_WARN_BLOCK_CAPTURE_AUTORELEASING = YES;
				CLANG_WARN_BOOL_CONVERSION = YES;
				CLANG_WARN_COMMA = YES;
				CLANG_WARN_CONSTANT_CONVERSION = YES;
				CLANG_WARN_DEPRECATED_OBJC_IMPLEMENTATIONS = YES;
				CLANG_WARN_DIRECT_OBJC_ISA_USAGE = YES_ERROR;
				CLANG_WARN_DOCUMENTATION_COMMENTS = YES;
				CLANG_WARN_EMPTY_BODY = YES;
				CLANG_WARN_ENUM_CONVERSION = YES;
				CLANG_WARN_INFINITE_RECURSION = YES;
				CLANG_WARN_INT_CONVERSION = YES;
				CLANG_WARN_NON_LITERAL_NULL_CONVERSION = YES;
				CLANG_WARN_OBJC_IMPLICIT_RETAIN_SELF = YES;
				CLANG_WARN_OBJC_LITERAL_CONVERSION = YES;
				CLANG_WARN_OBJC_ROOT_CLASS = YES_ERROR;
				CLANG_WARN_RANGE_LOOP_ANALYSIS = YES;
				CLANG_WARN_STRICT_PROTOTYPES = YES;
				CLANG_WARN_SUSPICIOUS_MOVE = YES;
				CLANG_WARN_UNGUARDED_AVAILABILITY = YES_AGGRESSIVE;
				CLANG_WARN_UNREACHABLE_CODE = YES;
				CLANG_WARN__DUPLICATE_METHOD_MATCH = YES;
				CODE_SIGN_IDENTITY = "iPhone Developer";
				COPY_PHASE_STRIP = NO;
				DEBUG_INFORMATION_FORMAT = dwarf;
				ENABLE_STRICT_OBJC_MSGSEND = YES;
				ENABLE_TESTABILITY = YES;
				GCC_C_LANGUAGE_STANDARD = gnu11;
				GCC_DYNAMIC_NO_PIC = NO;
				GCC_NO_COMMON_BLOCKS = YES;
				GCC_OPTIMIZATION_LEVEL = 0;
				GCC_PREPROCESSOR_DEFINITIONS = (
					"DEBUG=1",
					"$(inherited)",
				);
				GCC_WARN_64_TO_32_BIT_CONVERSION = YES;
				GCC_WARN_ABOUT_RETURN_TYPE = YES_ERROR;
				GCC_WARN_UNDECLARED_SELECTOR = YES;
				GCC_WARN_UNINITIALIZED_AUTOS = YES_AGGRESSIVE;
				GCC_WARN_UNUSED_FUNCTION = YES;
				GCC_WARN_UNUSED_VARIABLE = YES;
				IPHONEOS_DEPLOYMENT_TARGET = 12.4;
				MTL_ENABLE_DEBUG_INFO = INCLUDE_SOURCE;
				MTL_FAST_MATH = YES;
				ONLY_ACTIVE_ARCH = YES;
				SDKROOT = iphoneos;
				SWIFT_ACTIVE_COMPILATION_CONDITIONS = DEBUG;
				SWIFT_OPTIMIZATION_LEVEL = "-Onone";
			};
			name = Debug;
		};
		E8073DFC22F7DFDD0007C7E0 /* Release */ = {
			isa = XCBuildConfiguration;
			buildSettings = {
				ALWAYS_SEARCH_USER_PATHS = NO;
				CLANG_ANALYZER_NONNULL = YES;
				CLANG_ANALYZER_NUMBER_OBJECT_CONVERSION = YES_AGGRESSIVE;
				CLANG_CXX_LANGUAGE_STANDARD = "gnu++14";
				CLANG_CXX_LIBRARY = "libc++";
				CLANG_ENABLE_MODULES = YES;
				CLANG_ENABLE_OBJC_ARC = YES;
				CLANG_ENABLE_OBJC_WEAK = YES;
				CLANG_WARN_BLOCK_CAPTURE_AUTORELEASING = YES;
				CLANG_WARN_BOOL_CONVERSION = YES;
				CLANG_WARN_COMMA = YES;
				CLANG_WARN_CONSTANT_CONVERSION = YES;
				CLANG_WARN_DEPRECATED_OBJC_IMPLEMENTATIONS = YES;
				CLANG_WARN_DIRECT_OBJC_ISA_USAGE = YES_ERROR;
				CLANG_WARN_DOCUMENTATION_COMMENTS = YES;
				CLANG_WARN_EMPTY_BODY = YES;
				CLANG_WARN_ENUM_CONVERSION = YES;
				CLANG_WARN_INFINITE_RECURSION = YES;
				CLANG_WARN_INT_CONVERSION = YES;
				CLANG_WARN_NON_LITERAL_NULL_CONVERSION = YES;
				CLANG_WARN_OBJC_IMPLICIT_RETAIN_SELF = YES;
				CLANG_WARN_OBJC_LITERAL_CONVERSION = YES;
				CLANG_WARN_OBJC_ROOT_CLASS = YES_ERROR;
				CLANG_WARN_RANGE_LOOP_ANALYSIS = YES;
				CLANG_WARN_STRICT_PROTOTYPES = YES;
				CLANG_WARN_SUSPICIOUS_MOVE = YES;
				CLANG_WARN_UNGUARDED_AVAILABILITY = YES_AGGRESSIVE;
				CLANG_WARN_UNREACHABLE_CODE = YES;
				CLANG_WARN__DUPLICATE_METHOD_MATCH = YES;
				CODE_SIGN_IDENTITY = "iPhone Developer";
				COPY_PHASE_STRIP = NO;
				DEBUG_INFORMATION_FORMAT = "dwarf-with-dsym";
				ENABLE_NS_ASSERTIONS = NO;
				ENABLE_STRICT_OBJC_MSGSEND = YES;
				GCC_C_LANGUAGE_STANDARD = gnu11;
				GCC_NO_COMMON_BLOCKS = YES;
				GCC_WARN_64_TO_32_BIT_CONVERSION = YES;
				GCC_WARN_ABOUT_RETURN_TYPE = YES_ERROR;
				GCC_WARN_UNDECLARED_SELECTOR = YES;
				GCC_WARN_UNINITIALIZED_AUTOS = YES_AGGRESSIVE;
				GCC_WARN_UNUSED_FUNCTION = YES;
				GCC_WARN_UNUSED_VARIABLE = YES;
				IPHONEOS_DEPLOYMENT_TARGET = 12.4;
				MTL_ENABLE_DEBUG_INFO = NO;
				MTL_FAST_MATH = YES;
				SDKROOT = iphoneos;
				SWIFT_COMPILATION_MODE = wholemodule;
				SWIFT_OPTIMIZATION_LEVEL = "-O";
				VALIDATE_PRODUCT = YES;
			};
			name = Release;
		};
		E8073DFE22F7DFDD0007C7E0 /* Debug */ = {
			isa = XCBuildConfiguration;
			buildSettings = {
				ASSETCATALOG_COMPILER_APPICON_NAME = AppIcon;
				CODE_SIGN_STYLE = Automatic;
				DEVELOPMENT_TEAM = 5R57397A96;
				INFOPLIST_FILE = AppStoreLikeAnimation/Info.plist;
				IPHONEOS_DEPLOYMENT_TARGET = 11.0;
				LD_RUNPATH_SEARCH_PATHS = (
					"$(inherited)",
					"@executable_path/Frameworks",
				);
				PRODUCT_BUNDLE_IDENTIFIER = com.appstorelikeanimation.vaifat.AppStoreLikeAnimation;
				PRODUCT_NAME = "$(TARGET_NAME)";
				SWIFT_VERSION = 5.0;
				TARGETED_DEVICE_FAMILY = 1;
			};
			name = Debug;
		};
		E8073DFF22F7DFDD0007C7E0 /* Release */ = {
			isa = XCBuildConfiguration;
			buildSettings = {
				ASSETCATALOG_COMPILER_APPICON_NAME = AppIcon;
				CODE_SIGN_STYLE = Automatic;
				DEVELOPMENT_TEAM = 5R57397A96;
				INFOPLIST_FILE = AppStoreLikeAnimation/Info.plist;
				IPHONEOS_DEPLOYMENT_TARGET = 11.0;
				LD_RUNPATH_SEARCH_PATHS = (
					"$(inherited)",
					"@executable_path/Frameworks",
				);
				PRODUCT_BUNDLE_IDENTIFIER = com.appstorelikeanimation.vaifat.AppStoreLikeAnimation;
				PRODUCT_NAME = "$(TARGET_NAME)";
				SWIFT_VERSION = 5.0;
				TARGETED_DEVICE_FAMILY = 1;
			};
			name = Release;
		};
/* End XCBuildConfiguration section */

/* Begin XCConfigurationList section */
		E8073DE622F7DFDC0007C7E0 /* Build configuration list for PBXProject "AppStoreLikeAnimation" */ = {
			isa = XCConfigurationList;
			buildConfigurations = (
				E8073DFB22F7DFDD0007C7E0 /* Debug */,
				E8073DFC22F7DFDD0007C7E0 /* Release */,
			);
			defaultConfigurationIsVisible = 0;
			defaultConfigurationName = Release;
		};
		E8073DFD22F7DFDD0007C7E0 /* Build configuration list for PBXNativeTarget "AppStoreLikeAnimation" */ = {
			isa = XCConfigurationList;
			buildConfigurations = (
				E8073DFE22F7DFDD0007C7E0 /* Debug */,
				E8073DFF22F7DFDD0007C7E0 /* Release */,
			);
			defaultConfigurationIsVisible = 0;
			defaultConfigurationName = Release;
		};
/* End XCConfigurationList section */
	};
	rootObject = E8073DE322F7DFDC0007C7E0 /* Project object */;
}
